
Microsoft Visual Studio Solution File, Format Version 12.00
# Visual Studio 2012
Project("{FAE04EC0-301F-11D3-BF4B-00C04F79EFBC}") = "ReSharperTestExample", "ReSharperTestExample\ReSharperTestExample.csproj", "{0E6B7B54-E824-4D08-82D2-CE4064B287E0}"
EndProject
Project("{FAE04EC0-301F-11D3-BF4B-00C04F79EFBC}") = "ExampleLibrary", "ExampleLibrary\ExampleLibrary.csproj", "{DBFC55BC-8C76-4B5D-8A5E-69D41991FBAF}"
EndProject
Global
	GlobalSection(SolutionConfigurationPlatforms) = preSolution
		Debug|Any CPU = Debug|Any CPU
		Release|Any CPU = Release|Any CPU
	EndGlobalSection
	GlobalSection(ProjectConfigurationPlatforms) = postSolution
		{0E6B7B54-E824-4D08-82D2-CE4064B287E0}.Debug|Any CPU.ActiveCfg = Debug|Any CPU
		{0E6B7B54-E824-4D08-82D2-CE4064B287E0}.Debug|Any CPU.Build.0 = Debug|Any CPU
		{0E6B7B54-E824-4D08-82D2-CE4064B287E0}.Release|Any CPU.ActiveCfg = Release|Any CPU
		{0E6B7B54-E824-4D08-82D2-CE4064B287E0}.Release|Any CPU.Build.0 = Release|Any CPU
		{DBFC55BC-8C76-4B5D-8A5E-69D41991FBAF}.Debug|Any CPU.ActiveCfg = Debug|Any CPU
		{DBFC55BC-8C76-4B5D-8A5E-69D41991FBAF}.Debug|Any CPU.Build.0 = Debug|Any CPU
		{DBFC55BC-8C76-4B5D-8A5E-69D41991FBAF}.Release|Any CPU.ActiveCfg = Release|Any CPU
		{DBFC55BC-8C76-4B5D-8A5E-69D41991FBAF}.Release|Any CPU.Build.0 = Release|Any CPU
	EndGlobalSection
	GlobalSection(SolutionProperties) = preSolution
		HideSolutionNode = FALSE
	EndGlobalSection
EndGlobal
